
Microsoft Visual Studio Solution File, Format Version 12.00
# Visual Studio Version 16
VisualStudioVersion = 16.0.30011.22
MinimumVisualStudioVersion = 10.0.40219.1
Project("{FAE04EC0-301F-11D3-BF4B-00C04F79EFBC}") = "caro3", "caro3\caro3.csproj", "{1FC891F1-9F10-4125-B86D-7E4319972A7A}"
EndProject
Global
	GlobalSection(SolutionConfigurationPlatforms) = preSolution
		Debug|Any CPU = Debug|Any CPU
		Release|Any CPU = Release|Any CPU
	EndGlobalSection
	GlobalSection(ProjectConfigurationPlatforms) = postSolution
		{1FC891F1-9F10-4125-B86D-7E4319972A7A}.Debug|Any CPU.ActiveCfg = Debug|Any CPU
		{1FC891F1-9F10-4125-B86D-7E4319972A7A}.Debug|Any CPU.Build.0 = Debug|Any CPU
		{1FC891F1-9F10-4125-B86D-7E4319972A7A}.Release|Any CPU.ActiveCfg = Release|Any CPU
		{1FC891F1-9F10-4125-B86D-7E4319972A7A}.Release|Any CPU.Build.0 = Release|Any CPU
	EndGlobalSection
	GlobalSection(SolutionProperties) = preSolution
		HideSolutionNode = FALSE
	EndGlobalSection
	GlobalSection(ExtensibilityGlobals) = postSolution
		SolutionGuid = {F3ABB0E4-C69C-48BE-96B3-AF880B7CEDE7}
	EndGlobalSection
EndGlobal
